// !$*UTF8*$!
{
	archiveVersion = 1;
	classes = {
	};
	objectVersion = 50;
	objects = {

/* Begin PBXBuildFile section */
		CF3077FD2642E2C30016FD4E /* HomeCollectionController.swift in Sources */ = {isa = PBXBuildFile; fileRef = CF3077FC2642E2C30016FD4E /* HomeCollectionController.swift */; };
		CF3078012642E61A0016FD4E /* HomeTableViewCell.swift in Sources */ = {isa = PBXBuildFile; fileRef = CF3077FF2642E61A0016FD4E /* HomeTableViewCell.swift */; };
		CF30780A2642E9040016FD4E /* CollectionViewCell.swift in Sources */ = {isa = PBXBuildFile; fileRef = CF3078092642E9040016FD4E /* CollectionViewCell.swift */; };
		CF5D8AF12642E28800F5C1D1 /* AppDelegate.swift in Sources */ = {isa = PBXBuildFile; fileRef = CF5D8AF02642E28800F5C1D1 /* AppDelegate.swift */; };
		CF5D8AF32642E28800F5C1D1 /* SceneDelegate.swift in Sources */ = {isa = PBXBuildFile; fileRef = CF5D8AF22642E28800F5C1D1 /* SceneDelegate.swift */; };
		CF5D8AF52642E28800F5C1D1 /* HomeViewController.swift in Sources */ = {isa = PBXBuildFile; fileRef = CF5D8AF42642E28800F5C1D1 /* HomeViewController.swift */; };
		CF5D8AF82642E28800F5C1D1 /* Main.storyboard in Resources */ = {isa = PBXBuildFile; fileRef = CF5D8AF62642E28800F5C1D1 /* Main.storyboard */; };
		CF5D8AFB2642E28800F5C1D1 /* ABCTest.xcdatamodeld in Sources */ = {isa = PBXBuildFile; fileRef = CF5D8AF92642E28800F5C1D1 /* ABCTest.xcdatamodeld */; };
		CF5D8AFD2642E28A00F5C1D1 /* Assets.xcassets in Resources */ = {isa = PBXBuildFile; fileRef = CF5D8AFC2642E28A00F5C1D1 /* Assets.xcassets */; };
		CF5D8B002642E28A00F5C1D1 /* LaunchScreen.storyboard in Resources */ = {isa = PBXBuildFile; fileRef = CF5D8AFE2642E28A00F5C1D1 /* LaunchScreen.storyboard */; };
/* End PBXBuildFile section */

/* Begin PBXFileReference section */
		CF3077FC2642E2C30016FD4E /* HomeCollectionController.swift */ = {isa = PBXFileReference; lastKnownFileType = sourcecode.swift; path = HomeCollectionController.swift; sourceTree = "<group>"; };
		CF3077FF2642E61A0016FD4E /* HomeTableViewCell.swift */ = {isa = PBXFileReference; lastKnownFileType = sourcecode.swift; path = HomeTableViewCell.swift; sourceTree = "<group>"; };
		CF3078092642E9040016FD4E /* CollectionViewCell.swift */ = {isa = PBXFileReference; lastKnownFileType = sourcecode.swift; path = CollectionViewCell.swift; sourceTree = "<group>"; };
		CF5D8AED2642E28800F5C1D1 /* ABCTest.app */ = {isa = PBXFileReference; explicitFileType = wrapper.application; includeInIndex = 0; path = ABCTest.app; sourceTree = BUILT_PRODUCTS_DIR; };
		CF5D8AF02642E28800F5C1D1 /* AppDelegate.swift */ = {isa = PBXFileReference; lastKnownFileType = sourcecode.swift; path = AppDelegate.swift; sourceTree = "<group>"; };
		CF5D8AF22642E28800F5C1D1 /* SceneDelegate.swift */ = {isa = PBXFileReference; lastKnownFileType = sourcecode.swift; path = SceneDelegate.swift; sourceTree = "<group>"; };
		CF5D8AF42642E28800F5C1D1 /* HomeViewController.swift */ = {isa = PBXFileReference; lastKnownFileType = sourcecode.swift; path = HomeViewController.swift; sourceTree = "<group>"; };
		CF5D8AF72642E28800F5C1D1 /* Base */ = {isa = PBXFileReference; lastKnownFileType = file.storyboard; name = Base; path = Base.lproj/Main.storyboard; sourceTree = "<group>"; };
		CF5D8AFA2642E28800F5C1D1 /* ABCTest.xcdatamodel */ = {isa = PBXFileReference; lastKnownFileType = wrapper.xcdatamodel; path = ABCTest.xcdatamodel; sourceTree = "<group>"; };
		CF5D8AFC2642E28A00F5C1D1 /* Assets.xcassets */ = {isa = PBXFileReference; lastKnownFileType = folder.assetcatalog; path = Assets.xcassets; sourceTree = "<group>"; };
		CF5D8AFF2642E28A00F5C1D1 /* Base */ = {isa = PBXFileReference; lastKnownFileType = file.storyboard; name = Base; path = Base.lproj/LaunchScreen.storyboard; sourceTree = "<group>"; };
		CF5D8B012642E28A00F5C1D1 /* Info.plist */ = {isa = PBXFileReference; lastKnownFileType = text.plist.xml; path = Info.plist; sourceTree = "<group>"; };
/* End PBXFileReference section */

/* Begin PBXFrameworksBuildPhase section */
		CF5D8AEA2642E28800F5C1D1 /* Frameworks */ = {
			isa = PBXFrameworksBuildPhase;
			buildActionMask = 2147483647;
			files = (
			);
			runOnlyForDeploymentPostprocessing = 0;
		};
/* End PBXFrameworksBuildPhase section */

/* Begin PBXGroup section */
		CF5D8AE42642E28800F5C1D1 = {
			isa = PBXGroup;
			children = (
				CF5D8AEF2642E28800F5C1D1 /* ABCTest */,
				CF5D8AEE2642E28800F5C1D1 /* Products */,
			);
			sourceTree = "<group>";
		};
		CF5D8AEE2642E28800F5C1D1 /* Products */ = {
			isa = PBXGroup;
			children = (
				CF5D8AED2642E28800F5C1D1 /* ABCTest.app */,
			);
			name = Products;
			sourceTree = "<group>";
		};
		CF5D8AEF2642E28800F5C1D1 /* ABCTest */ = {
			isa = PBXGroup;
			children = (
				CF5D8AF02642E28800F5C1D1 /* AppDelegate.swift */,
				CF5D8AF22642E28800F5C1D1 /* SceneDelegate.swift */,
				CF5D8AF42642E28800F5C1D1 /* HomeViewController.swift */,
				CF3077FF2642E61A0016FD4E /* HomeTableViewCell.swift */,
				CF3077FC2642E2C30016FD4E /* HomeCollectionController.swift */,
				CF3078092642E9040016FD4E /* CollectionViewCell.swift */,
				CF5D8AF62642E28800F5C1D1 /* Main.storyboard */,
				CF5D8AFC2642E28A00F5C1D1 /* Assets.xcassets */,
				CF5D8AFE2642E28A00F5C1D1 /* LaunchScreen.storyboard */,
				CF5D8B012642E28A00F5C1D1 /* Info.plist */,
				CF5D8AF92642E28800F5C1D1 /* ABCTest.xcdatamodeld */,
			);
			path = ABCTest;
			sourceTree = "<group>";
		};
/* End PBXGroup section */

/* Begin PBXNativeTarget section */
		CF5D8AEC2642E28800F5C1D1 /* ABCTest */ = {
			isa = PBXNativeTarget;
			buildConfigurationList = CF5D8B042642E28A00F5C1D1 /* Build configuration list for PBXNativeTarget "ABCTest" */;
			buildPhases = (
				CF5D8AE92642E28800F5C1D1 /* Sources */,
				CF5D8AEA2642E28800F5C1D1 /* Frameworks */,
				CF5D8AEB2642E28800F5C1D1 /* Resources */,
			);
			buildRules = (
			);
			dependencies = (
			);
			name = ABCTest;
			productName = ABCTest;
			productReference = CF5D8AED2642E28800F5C1D1 /* ABCTest.app */;
			productType = "com.apple.product-type.application";
		};
/* End PBXNativeTarget section */

/* Begin PBXProject section */
		CF5D8AE52642E28800F5C1D1 /* Project object */ = {
			isa = PBXProject;
			attributes = {
				LastSwiftUpdateCheck = 1210;
				LastUpgradeCheck = 1210;
				TargetAttributes = {
					CF5D8AEC2642E28800F5C1D1 = {
						CreatedOnToolsVersion = 12.1;
					};
				};
			};
			buildConfigurationList = CF5D8AE82642E28800F5C1D1 /* Build configuration list for PBXProject "ABCTest" */;
			compatibilityVersion = "Xcode 9.3";
			developmentRegion = en;
			hasScannedForEncodings = 0;
			knownRegions = (
				en,
				Base,
			);
			mainGroup = CF5D8AE42642E28800F5C1D1;
			productRefGroup = CF5D8AEE2642E28800F5C1D1 /* Products */;
			projectDirPath = "";
			projectRoot = "";
			targets = (
				CF5D8AEC2642E28800F5C1D1 /* ABCTest */,
			);
		};
/* End PBXProject section */

/* Begin PBXResourcesBuildPhase section */
		CF5D8AEB2642E28800F5C1D1 /* Resources */ = {
			isa = PBXResourcesBuildPhase;
			buildActionMask = 2147483647;
			files = (
				CF5D8B002642E28A00F5C1D1 /* LaunchScreen.storyboard in Resources */,
				CF5D8AFD2642E28A00F5C1D1 /* Assets.xcassets in Resources */,
				CF5D8AF82642E28800F5C1D1 /* Main.storyboard in Resources */,
			);
			runOnlyForDeploymentPostprocessing = 0;
		};
/* End PBXResourcesBuildPhase section */

/* Begin PBXSourcesBuildPhase section */
		CF5D8AE92642E28800F5C1D1 /* Sources */ = {
			isa = PBXSourcesBuildPhase;
			buildActionMask = 2147483647;
			files = (
				CF3078012642E61A0016FD4E /* HomeTableViewCell.swift in Sources */,
				CF5D8AF52642E28800F5C1D1 /* HomeViewController.swift in Sources */,
				CF30780A2642E9040016FD4E /* CollectionViewCell.swift in Sources */,
				CF5D8AF12642E28800F5C1D1 /* AppDelegate.swift in Sources */,
				CF3077FD2642E2C30016FD4E /* HomeCollectionController.swift in Sources */,
				CF5D8AFB2642E28800F5C1D1 /* ABCTest.xcdatamodeld in Sources */,
				CF5D8AF32642E28800F5C1D1 /* SceneDelegate.swift in Sources */,
			);
			runOnlyForDeploymentPostprocessing = 0;
		};
/* End PBXSourcesBuildPhase section */

/* Begin PBXVariantGroup section */
		CF5D8AF62642E28800F5C1D1 /* Main.storyboard */ = {
			isa = PBXVariantGroup;
			children = (
				CF5D8AF72642E28800F5C1D1 /* Base */,
			);
			name = Main.storyboard;
			sourceTree = "<group>";
		};
		CF5D8AFE2642E28A00F5C1D1 /* LaunchScreen.storyboard */ = {
			isa = PBXVariantGroup;
			children = (
				CF5D8AFF2642E28A00F5C1D1 /* Base */,
			);
			name = LaunchScreen.storyboard;
			sourceTree = "<group>";
		};
/* End PBXVariantGroup section */

/* Begin XCBuildConfiguration section */
		CF5D8B022642E28A00F5C1D1 /* Debug */ = {
			isa = XCBuildConfiguration;
			buildSettings = {
				ALWAYS_SEARCH_USER_PATHS = NO;
				CLANG_ANALYZER_NONNULL = YES;
				CLANG_ANALYZER_NUMBER_OBJECT_CONVERSION = YES_AGGRESSIVE;
				CLANG_CXX_LANGUAGE_STANDARD = "gnu++14";
				CLANG_CXX_LIBRARY = "libc++";
				CLANG_ENABLE_MODULES = YES;
				CLANG_ENABLE_OBJC_ARC = YES;
				CLANG_ENABLE_OBJC_WEAK = YES;
				CLANG_WARN_BLOCK_CAPTURE_AUTORELEASING = YES;
				CLANG_WARN_BOOL_CONVERSION = YES;
				CLANG_WARN_COMMA = YES;
				CLANG_WARN_CONSTANT_CONVERSION = YES;
				CLANG_WARN_DEPRECATED_OBJC_IMPLEMENTATIONS = YES;
				CLANG_WARN_DIRECT_OBJC_ISA_USAGE = YES_ERROR;
				CLANG_WARN_DOCUMENTATION_COMMENTS = YES;
				CLANG_WARN_EMPTY_BODY = YES;
				CLANG_WARN_ENUM_CONVERSION = YES;
				CLANG_WARN_INFINITE_RECURSION = YES;
				CLANG_WARN_INT_CONVERSION = YES;
				CLANG_WARN_NON_LITERAL_NULL_CONVERSION = YES;
				CLANG_WARN_OBJC_IMPLICIT_RETAIN_SELF = YES;
				CLANG_WARN_OBJC_LITERAL_CONVERSION = YES;
				CLANG_WARN_OBJC_ROOT_CLASS = YES_ERROR;
				CLANG_WARN_QUOTED_INCLUDE_IN_FRAMEWORK_HEADER = YES;
				CLANG_WARN_RANGE_LOOP_ANALYSIS = YES;
				CLANG_WARN_STRICT_PROTOTYPES = YES;
				CLANG_WARN_SUSPICIOUS_MOVE = YES;
				CLANG_WARN_UNGUARDED_AVAILABILITY = YES_AGGRESSIVE;
				CLANG_WARN_UNREACHABLE_CODE = YES;
				CLANG_WARN__DUPLICATE_METHOD_MATCH = YES;
				COPY_PHASE_STRIP = NO;
				DEBUG_INFORMATION_FORMAT = dwarf;
				ENABLE_STRICT_OBJC_MSGSEND = YES;
				ENABLE_TESTABILITY = YES;
				GCC_C_LANGUAGE_STANDARD = gnu11;
				GCC_DYNAMIC_NO_PIC = NO;
				GCC_NO_COMMON_BLOCKS = YES;
				GCC_OPTIMIZATION_LEVEL = 0;
				GCC_PREPROCESSOR_DEFINITIONS = (
					"DEBUG=1",
					"$(inherited)",
				);
				GCC_WARN_64_TO_32_BIT_CONVERSION = YES;
				GCC_WARN_ABOUT_RETURN_TYPE = YES_ERROR;
				GCC_WARN_UNDECLARED_SELECTOR = YES;
				GCC_WARN_UNINITIALIZED_AUTOS = YES_AGGRESSIVE;
				GCC_WARN_UNUSED_FUNCTION = YES;
				GCC_WARN_UNUSED_VARIABLE = YES;
				IPHONEOS_DEPLOYMENT_TARGET = 14.1;
				MTL_ENABLE_DEBUG_INFO = INCLUDE_SOURCE;
				MTL_FAST_MATH = YES;
				ONLY_ACTIVE_ARCH = YES;
				SDKROOT = iphoneos;
				SWIFT_ACTIVE_COMPILATION_CONDITIONS = DEBUG;
				SWIFT_OPTIMIZATION_LEVEL = "-Onone";
			};
			name = Debug;
		};
		CF5D8B032642E28A00F5C1D1 /* Release */ = {
			isa = XCBuildConfiguration;
			buildSettings = {
				ALWAYS_SEARCH_USER_PATHS = NO;
				CLANG_ANALYZER_NONNULL = YES;
				CLANG_ANALYZER_NUMBER_OBJECT_CONVERSION = YES_AGGRESSIVE;
				CLANG_CXX_LANGUAGE_STANDARD = "gnu++14";
				CLANG_CXX_LIBRARY = "libc++";
				CLANG_ENABLE_MODULES = YES;
				CLANG_ENABLE_OBJC_ARC = YES;
				CLANG_ENABLE_OBJC_WEAK = YES;
				CLANG_WARN_BLOCK_CAPTURE_AUTORELEASING = YES;
				CLANG_WARN_BOOL_CONVERSION = YES;
				CLANG_WARN_COMMA = YES;
				CLANG_WARN_CONSTANT_CONVERSION = YES;
				CLANG_WARN_DEPRECATED_OBJC_IMPLEMENTATIONS = YES;
				CLANG_WARN_DIRECT_OBJC_ISA_USAGE = YES_ERROR;
				CLANG_WARN_DOCUMENTATION_COMMENTS = YES;
				CLANG_WARN_EMPTY_BODY = YES;
				CLANG_WARN_ENUM_CONVERSION = YES;
				CLANG_WARN_INFINITE_RECURSION = YES;
				CLANG_WARN_INT_CONVERSION = YES;
				CLANG_WARN_NON_LITERAL_NULL_CONVERSION = YES;
				CLANG_WARN_OBJC_IMPLICIT_RETAIN_SELF = YES;
				CLANG_WARN_OBJC_LITERAL_CONVERSION = YES;
				CLANG_WARN_OBJC_ROOT_CLASS = YES_ERROR;
				CLANG_WARN_QUOTED_INCLUDE_IN_FRAMEWORK_HEADER = YES;
				CLANG_WARN_RANGE_LOOP_ANALYSIS = YES;
				CLANG_WARN_STRICT_PROTOTYPES = YES;
				CLANG_WARN_SUSPICIOUS_MOVE = YES;
				CLANG_WARN_UNGUARDED_AVAILABILITY = YES_AGGRESSIVE;
				CLANG_WARN_UNREACHABLE_CODE = YES;
				CLANG_WARN__DUPLICATE_METHOD_MATCH = YES;
				COPY_PHASE_STRIP = NO;
				DEBUG_INFORMATION_FORMAT = "dwarf-with-dsym";
				ENABLE_NS_ASSERTIONS = NO;
				ENABLE_STRICT_OBJC_MSGSEND = YES;
				GCC_C_LANGUAGE_STANDARD = gnu11;
				GCC_NO_COMMON_BLOCKS = YES;
				GCC_WARN_64_TO_32_BIT_CONVERSION = YES;
				GCC_WARN_ABOUT_RETURN_TYPE = YES_ERROR;
				GCC_WARN_UNDECLARED_SELECTOR = YES;
				GCC_WARN_UNINITIALIZED_AUTOS = YES_AGGRESSIVE;
				GCC_WARN_UNUSED_FUNCTION = YES;
				GCC_WARN_UNUSED_VARIABLE = YES;
				IPHONEOS_DEPLOYMENT_TARGET = 14.1;
				MTL_ENABLE_DEBUG_INFO = NO;
				MTL_FAST_MATH = YES;
				SDKROOT = iphoneos;
				SWIFT_COMPILATION_MODE = wholemodule;
				SWIFT_OPTIMIZATION_LEVEL = "-O";
				VALIDATE_PRODUCT = YES;
			};
			name = Release;
		};
		CF5D8B052642E28A00F5C1D1 /* Debug */ = {
			isa = XCBuildConfiguration;
			buildSettings = {
				ASSETCATALOG_COMPILER_APPICON_NAME = AppIcon;
				ASSETCATALOG_COMPILER_GLOBAL_ACCENT_COLOR_NAME = AccentColor;
				CODE_SIGN_STYLE = Automatic;
				DEVELOPMENT_TEAM = 5USK8S83U4;
				INFOPLIST_FILE = ABCTest/Info.plist;
				LD_RUNPATH_SEARCH_PATHS = (
					"$(inherited)",
					"@executable_path/Frameworks",
				);
				PRODUCT_BUNDLE_IDENTIFIER = com.art.ABCTest;
				PRODUCT_NAME = "$(TARGET_NAME)";
				SWIFT_VERSION = 5.0;
				TARGETED_DEVICE_FAMILY = "1,2";
			};
			name = Debug;
		};
		CF5D8B062642E28A00F5C1D1 /* Release */ = {
			isa = XCBuildConfiguration;
			buildSettings = {
				ASSETCATALOG_COMPILER_APPICON_NAME = AppIcon;
				ASSETCATALOG_COMPILER_GLOBAL_ACCENT_COLOR_NAME = AccentColor;
				CODE_SIGN_STYLE = Automatic;
				DEVELOPMENT_TEAM = 5USK8S83U4;
				INFOPLIST_FILE = ABCTest/Info.plist;
				LD_RUNPATH_SEARCH_PATHS = (
					"$(inherited)",
					"@executable_path/Frameworks",
				);
				PRODUCT_BUNDLE_IDENTIFIER = com.art.ABCTest;
				PRODUCT_NAME = "$(TARGET_NAME)";
				SWIFT_VERSION = 5.0;
				TARGETED_DEVICE_FAMILY = "1,2";
			};
			name = Release;
		};
/* End XCBuildConfiguration section */

/* Begin XCConfigurationList section */
		CF5D8AE82642E28800F5C1D1 /* Build configuration list for PBXProject "ABCTest" */ = {
			isa = XCConfigurationList;
			buildConfigurations = (
				CF5D8B022642E28A00F5C1D1 /* Debug */,
				CF5D8B032642E28A00F5C1D1 /* Release */,
			);
			defaultConfigurationIsVisible = 0;
			defaultConfigurationName = Release;
		};
		CF5D8B042642E28A00F5C1D1 /* Build configuration list for PBXNativeTarget "ABCTest" */ = {
			isa = XCConfigurationList;
			buildConfigurations = (
				CF5D8B052642E28A00F5C1D1 /* Debug */,
				CF5D8B062642E28A00F5C1D1 /* Release */,
			);
			defaultConfigurationIsVisible = 0;
			defaultConfigurationName = Release;
		};
/* End XCConfigurationList section */

/* Begin XCVersionGroup section */
		CF5D8AF92642E28800F5C1D1 /* ABCTest.xcdatamodeld */ = {
			isa = XCVersionGroup;
			children = (
				CF5D8AFA2642E28800F5C1D1 /* ABCTest.xcdatamodel */,
			);
			currentVersion = CF5D8AFA2642E28800F5C1D1 /* ABCTest.xcdatamodel */;
			path = ABCTest.xcdatamodeld;
			sourceTree = "<group>";
			versionGroupType = wrapper.xcdatamodel;
		};
/* End XCVersionGroup section */
	};
	rootObject = CF5D8AE52642E28800F5C1D1 /* Project object */;
}
